// !$*UTF8*$!
{
	archiveVersion = 1;
	classes = {
	};
	objectVersion = 48;
	objects = {

/* Begin PBXBuildFile section */
		0C016F21206B028300A8DDD5 /* QuestionaireController.swift in Sources */ = {isa = PBXBuildFile; fileRef = 0C016F20206B028300A8DDD5 /* QuestionaireController.swift */; };
		2904CDD32033B93E002FB4D8 /* GoogleService-Info.plist in Resources */ = {isa = PBXBuildFile; fileRef = 2904CDD22033B93E002FB4D8 /* GoogleService-Info.plist */; };
		3E2415E0209CAAB900A0E5EA /* SNAPViewController.swift in Sources */ = {isa = PBXBuildFile; fileRef = 3E2415DF209CAAB900A0E5EA /* SNAPViewController.swift */; };
		3E2415E2209CCB2200A0E5EA /* foofii_logo.png in Resources */ = {isa = PBXBuildFile; fileRef = 3E2415E1209CCB2200A0E5EA /* foofii_logo.png */; };
		3E2415E8209CD3A300A0E5EA /* SNAPDetailViewController.swift in Sources */ = {isa = PBXBuildFile; fileRef = 3E2415E7209CD3A300A0E5EA /* SNAPDetailViewController.swift */; };
		3E2415EC209CF58300A0E5EA /* SideSegue.swift in Sources */ = {isa = PBXBuildFile; fileRef = 3E2415EB209CF58300A0E5EA /* SideSegue.swift */; };
		3E5C850A2061A8710060F646 /* Data.swift in Sources */ = {isa = PBXBuildFile; fileRef = 3E5C85092061A8710060F646 /* Data.swift */; };
		3EA76A96209E071200927575 /* FoodLocation.swift in Sources */ = {isa = PBXBuildFile; fileRef = 3EA76A95209E071200927575 /* FoodLocation.swift */; };
		3EA76A98209E08D200927575 /* UIExtensions.swift in Sources */ = {isa = PBXBuildFile; fileRef = 3EA76A97209E08D200927575 /* UIExtensions.swift */; };
		3EAB7E3D2067F147009C25C1 /* Snap.swift in Sources */ = {isa = PBXBuildFile; fileRef = 3EAB7E3C2067F147009C25C1 /* Snap.swift */; };
		3EAB7E3F2068105B009C25C1 /* Market.swift in Sources */ = {isa = PBXBuildFile; fileRef = 3EAB7E3E2068105B009C25C1 /* Market.swift */; };
		3EEEA6081F96E45900AA01FC /* AppDelegate.swift in Sources */ = {isa = PBXBuildFile; fileRef = 3EEEA6071F96E45900AA01FC /* AppDelegate.swift */; };
		3EEEA60A1F96E45900AA01FC /* LoginController.swift in Sources */ = {isa = PBXBuildFile; fileRef = 3EEEA6091F96E45900AA01FC /* LoginController.swift */; };
		3EEEA6111F96E45900AA01FC /* Assets.xcassets in Resources */ = {isa = PBXBuildFile; fileRef = 3EEEA6101F96E45900AA01FC /* Assets.xcassets */; };
		3EEEA6141F96E45900AA01FC /* LaunchScreen.storyboard in Resources */ = {isa = PBXBuildFile; fileRef = 3EEEA6121F96E45900AA01FC /* LaunchScreen.storyboard */; };
		3EF4D8A620461EF200B35EBD /* Main.storyboard in Resources */ = {isa = PBXBuildFile; fileRef = 3EEEA60D1F96E45900AA01FC /* Main.storyboard */; };
		8FD856FC9E5F11544E2B0EF8 /* Pods_FooFii.framework in Frameworks */ = {isa = PBXBuildFile; fileRef = 31240FEBBBB9B1ABA91A2F7C /* Pods_FooFii.framework */; };
/* End PBXBuildFile section */

/* Begin PBXFileReference section */
		0C016F20206B028300A8DDD5 /* QuestionaireController.swift */ = {isa = PBXFileReference; lastKnownFileType = sourcecode.swift; path = QuestionaireController.swift; sourceTree = "<group>"; };
		2904CDD22033B93E002FB4D8 /* GoogleService-Info.plist */ = {isa = PBXFileReference; fileEncoding = 4; lastKnownFileType = text.plist.xml; path = "GoogleService-Info.plist"; sourceTree = "<group>"; };
		31240FEBBBB9B1ABA91A2F7C /* Pods_FooFii.framework */ = {isa = PBXFileReference; explicitFileType = wrapper.framework; includeInIndex = 0; path = Pods_FooFii.framework; sourceTree = BUILT_PRODUCTS_DIR; };
		3E2415DF209CAAB900A0E5EA /* SNAPViewController.swift */ = {isa = PBXFileReference; lastKnownFileType = sourcecode.swift; path = SNAPViewController.swift; sourceTree = "<group>"; };
		3E2415E1209CCB2200A0E5EA /* foofii_logo.png */ = {isa = PBXFileReference; lastKnownFileType = image.png; path = foofii_logo.png; sourceTree = "<group>"; };
		3E2415E7209CD3A300A0E5EA /* SNAPDetailViewController.swift */ = {isa = PBXFileReference; lastKnownFileType = sourcecode.swift; path = SNAPDetailViewController.swift; sourceTree = "<group>"; };
		3E2415EB209CF58300A0E5EA /* SideSegue.swift */ = {isa = PBXFileReference; lastKnownFileType = sourcecode.swift; path = SideSegue.swift; sourceTree = "<group>"; };
		3E5C85092061A8710060F646 /* Data.swift */ = {isa = PBXFileReference; lastKnownFileType = sourcecode.swift; path = Data.swift; sourceTree = "<group>"; };
		3EA76A95209E071200927575 /* FoodLocation.swift */ = {isa = PBXFileReference; lastKnownFileType = sourcecode.swift; path = FoodLocation.swift; sourceTree = "<group>"; };
		3EA76A97209E08D200927575 /* UIExtensions.swift */ = {isa = PBXFileReference; lastKnownFileType = sourcecode.swift; path = UIExtensions.swift; sourceTree = "<group>"; };
		3EAB7E3C2067F147009C25C1 /* Snap.swift */ = {isa = PBXFileReference; lastKnownFileType = sourcecode.swift; path = Snap.swift; sourceTree = "<group>"; };
		3EAB7E3E2068105B009C25C1 /* Market.swift */ = {isa = PBXFileReference; lastKnownFileType = sourcecode.swift; path = Market.swift; sourceTree = "<group>"; };
		3EEEA6041F96E45900AA01FC /* FooFii.app */ = {isa = PBXFileReference; explicitFileType = wrapper.application; includeInIndex = 0; path = FooFii.app; sourceTree = BUILT_PRODUCTS_DIR; };
		3EEEA6071F96E45900AA01FC /* AppDelegate.swift */ = {isa = PBXFileReference; lastKnownFileType = sourcecode.swift; path = AppDelegate.swift; sourceTree = "<group>"; };
		3EEEA6091F96E45900AA01FC /* LoginController.swift */ = {isa = PBXFileReference; lastKnownFileType = sourcecode.swift; path = LoginController.swift; sourceTree = "<group>"; };
		3EEEA60E1F96E45900AA01FC /* Base */ = {isa = PBXFileReference; lastKnownFileType = file.storyboard; name = Base; path = Base.lproj/Main.storyboard; sourceTree = "<group>"; };
		3EEEA6101F96E45900AA01FC /* Assets.xcassets */ = {isa = PBXFileReference; lastKnownFileType = folder.assetcatalog; path = Assets.xcassets; sourceTree = "<group>"; };
		3EEEA6131F96E45900AA01FC /* Base */ = {isa = PBXFileReference; lastKnownFileType = file.storyboard; name = Base; path = Base.lproj/LaunchScreen.storyboard; sourceTree = "<group>"; };
		3EEEA6151F96E45900AA01FC /* Info.plist */ = {isa = PBXFileReference; lastKnownFileType = text.plist.xml; path = Info.plist; sourceTree = "<group>"; };
		88ECAF3095835B96BADC7264 /* Pods-FooFii.debug.xcconfig */ = {isa = PBXFileReference; includeInIndex = 1; lastKnownFileType = text.xcconfig; name = "Pods-FooFii.debug.xcconfig"; path = "Pods/Target Support Files/Pods-FooFii/Pods-FooFii.debug.xcconfig"; sourceTree = "<group>"; };
		BD38048F4065302AE334028E /* Pods-FooFii.release.xcconfig */ = {isa = PBXFileReference; includeInIndex = 1; lastKnownFileType = text.xcconfig; name = "Pods-FooFii.release.xcconfig"; path = "Pods/Target Support Files/Pods-FooFii/Pods-FooFii.release.xcconfig"; sourceTree = "<group>"; };
/* End PBXFileReference section */

/* Begin PBXFrameworksBuildPhase section */
		3EEEA6011F96E45900AA01FC /* Frameworks */ = {
			isa = PBXFrameworksBuildPhase;
			buildActionMask = 2147483647;
			files = (
				8FD856FC9E5F11544E2B0EF8 /* Pods_FooFii.framework in Frameworks */,
			);
			runOnlyForDeploymentPostprocessing = 0;
		};
/* End PBXFrameworksBuildPhase section */

/* Begin PBXGroup section */
		3E2415ED209DFF1F00A0E5EA /* ViewControllers */ = {
			isa = PBXGroup;
			children = (
				3E2415DF209CAAB900A0E5EA /* SNAPViewController.swift */,
				3EEEA6091F96E45900AA01FC /* LoginController.swift */,
				3E2415E7209CD3A300A0E5EA /* SNAPDetailViewController.swift */,
				0C016F20206B028300A8DDD5 /* QuestionaireController.swift */,
			);
			path = ViewControllers;
			sourceTree = "<group>";
		};
		3E2415EE209DFF4600A0E5EA /* DataClasses */ = {
			isa = PBXGroup;
			children = (
				3EAB7E3C2067F147009C25C1 /* Snap.swift */,
				3EAB7E3E2068105B009C25C1 /* Market.swift */,
				3EA76A95209E071200927575 /* FoodLocation.swift */,
			);
			path = DataClasses;
			sourceTree = "<group>";
		};
		3E2415EF209DFF6400A0E5EA /* UIClasses */ = {
			isa = PBXGroup;
			children = (
				3E2415EB209CF58300A0E5EA /* SideSegue.swift */,
			);
			path = UIClasses;
			sourceTree = "<group>";
		};
		3E2415F0209DFF7500A0E5EA /* Assets */ = {
			isa = PBXGroup;
			children = (
				3E2415E1209CCB2200A0E5EA /* foofii_logo.png */,
				3EEEA6101F96E45900AA01FC /* Assets.xcassets */,
			);
			path = Assets;
			sourceTree = "<group>";
		};
		3E2415F1209DFFE200A0E5EA /* Storyboards */ = {
			isa = PBXGroup;
			children = (
				3EEEA60D1F96E45900AA01FC /* Main.storyboard */,
				3EEEA6121F96E45900AA01FC /* LaunchScreen.storyboard */,
			);
			path = Storyboards;
			sourceTree = "<group>";
		};
		3E2415F2209E000700A0E5EA /* MiscSwift */ = {
			isa = PBXGroup;
			children = (
				3EEEA6071F96E45900AA01FC /* AppDelegate.swift */,
				3E5C85092061A8710060F646 /* Data.swift */,
				3EA76A97209E08D200927575 /* UIExtensions.swift */,
			);
			path = MiscSwift;
			sourceTree = "<group>";
		};
		3EEEA5FB1F96E45800AA01FC = {
			isa = PBXGroup;
			children = (
				3EEEA6061F96E45900AA01FC /* FooFii */,
				3EEEA6051F96E45900AA01FC /* Products */,
				CEA61DE284092893FB0A7B9F /* Pods */,
				78C026A62FF19173ADA4742D /* Frameworks */,
			);
			sourceTree = "<group>";
		};
		3EEEA6051F96E45900AA01FC /* Products */ = {
			isa = PBXGroup;
			children = (
				3EEEA6041F96E45900AA01FC /* FooFii.app */,
			);
			name = Products;
			sourceTree = "<group>";
		};
		3EEEA6061F96E45900AA01FC /* FooFii */ = {
			isa = PBXGroup;
			children = (
				3EEEA6151F96E45900AA01FC /* Info.plist */,
				2904CDD22033B93E002FB4D8 /* GoogleService-Info.plist */,
				3E2415F2209E000700A0E5EA /* MiscSwift */,
				3E2415F1209DFFE200A0E5EA /* Storyboards */,
				3E2415F0209DFF7500A0E5EA /* Assets */,
				3E2415EF209DFF6400A0E5EA /* UIClasses */,
				3E2415EE209DFF4600A0E5EA /* DataClasses */,
				3E2415ED209DFF1F00A0E5EA /* ViewControllers */,
			);
			path = FooFii;
			sourceTree = "<group>";
		};
		78C026A62FF19173ADA4742D /* Frameworks */ = {
			isa = PBXGroup;
			children = (
				31240FEBBBB9B1ABA91A2F7C /* Pods_FooFii.framework */,
			);
			name = Frameworks;
			sourceTree = "<group>";
		};
		CEA61DE284092893FB0A7B9F /* Pods */ = {
			isa = PBXGroup;
			children = (
				88ECAF3095835B96BADC7264 /* Pods-FooFii.debug.xcconfig */,
				BD38048F4065302AE334028E /* Pods-FooFii.release.xcconfig */,
			);
			name = Pods;
			sourceTree = "<group>";
		};
/* End PBXGroup section */

/* Begin PBXNativeTarget section */
		3EEEA6031F96E45900AA01FC /* FooFii */ = {
			isa = PBXNativeTarget;
			buildConfigurationList = 3EEEA6181F96E45900AA01FC /* Build configuration list for PBXNativeTarget "FooFii" */;
			buildPhases = (
				90E841E449330152253C4F80 /* [CP] Check Pods Manifest.lock */,
				3EEEA6001F96E45900AA01FC /* Sources */,
				3EEEA6011F96E45900AA01FC /* Frameworks */,
				3EEEA6021F96E45900AA01FC /* Resources */,
				5D4F2B7E07B5942357B8A9CA /* [CP] Embed Pods Frameworks */,
				113F71FBCE6DC118DC99A852 /* [CP] Copy Pods Resources */,
			);
			buildRules = (
			);
			dependencies = (
			);
			name = FooFii;
			productName = FooFii;
			productReference = 3EEEA6041F96E45900AA01FC /* FooFii.app */;
			productType = "com.apple.product-type.application";
		};
/* End PBXNativeTarget section */

/* Begin PBXProject section */
		3EEEA5FC1F96E45800AA01FC /* Project object */ = {
			isa = PBXProject;
			attributes = {
				LastSwiftUpdateCheck = 0900;
				LastUpgradeCheck = 0930;
				ORGANIZATIONNAME = "Calvin Rose";
				TargetAttributes = {
					3EEEA6031F96E45900AA01FC = {
						CreatedOnToolsVersion = 9.0;
						ProvisioningStyle = Automatic;
					};
				};
			};
			buildConfigurationList = 3EEEA5FF1F96E45900AA01FC /* Build configuration list for PBXProject "FooFii" */;
			compatibilityVersion = "Xcode 8.0";
			developmentRegion = en;
			hasScannedForEncodings = 0;
			knownRegions = (
				en,
				Base,
			);
			mainGroup = 3EEEA5FB1F96E45800AA01FC;
			productRefGroup = 3EEEA6051F96E45900AA01FC /* Products */;
			projectDirPath = "";
			projectRoot = "";
			targets = (
				3EEEA6031F96E45900AA01FC /* FooFii */,
			);
		};
/* End PBXProject section */

/* Begin PBXResourcesBuildPhase section */
		3EEEA6021F96E45900AA01FC /* Resources */ = {
			isa = PBXResourcesBuildPhase;
			buildActionMask = 2147483647;
			files = (
				3EEEA6141F96E45900AA01FC /* LaunchScreen.storyboard in Resources */,
				3E2415E2209CCB2200A0E5EA /* foofii_logo.png in Resources */,
				3EEEA6111F96E45900AA01FC /* Assets.xcassets in Resources */,
				2904CDD32033B93E002FB4D8 /* GoogleService-Info.plist in Resources */,
				3EF4D8A620461EF200B35EBD /* Main.storyboard in Resources */,
			);
			runOnlyForDeploymentPostprocessing = 0;
		};
/* End PBXResourcesBuildPhase section */

/* Begin PBXShellScriptBuildPhase section */
		113F71FBCE6DC118DC99A852 /* [CP] Copy Pods Resources */ = {
			isa = PBXShellScriptBuildPhase;
			buildActionMask = 2147483647;
			files = (
			);
			inputPaths = (
				"${SRCROOT}/Pods/Target Support Files/Pods-FooFii/Pods-FooFii-resources.sh",
				"${PODS_ROOT}/GoogleMaps/Maps/Frameworks/GoogleMaps.framework/Resources/GoogleMaps.bundle",
				"${PODS_ROOT}/GooglePlacePicker/Frameworks/GooglePlacePicker.framework/Resources/GooglePlacePicker.bundle",
				"${PODS_ROOT}/GooglePlaces/Frameworks/GooglePlaces.framework/Resources/GooglePlaces.bundle",
			);
			name = "[CP] Copy Pods Resources";
			outputPaths = (
				"${TARGET_BUILD_DIR}/${UNLOCALIZED_RESOURCES_FOLDER_PATH}/GoogleMaps.bundle",
				"${TARGET_BUILD_DIR}/${UNLOCALIZED_RESOURCES_FOLDER_PATH}/GooglePlacePicker.bundle",
				"${TARGET_BUILD_DIR}/${UNLOCALIZED_RESOURCES_FOLDER_PATH}/GooglePlaces.bundle",
			);
			runOnlyForDeploymentPostprocessing = 0;
			shellPath = /bin/sh;
			shellScript = "\"${SRCROOT}/Pods/Target Support Files/Pods-FooFii/Pods-FooFii-resources.sh\"\n";
			showEnvVarsInLog = 0;
		};
		5D4F2B7E07B5942357B8A9CA /* [CP] Embed Pods Frameworks */ = {
			isa = PBXShellScriptBuildPhase;
			buildActionMask = 2147483647;
			files = (
			);
			inputPaths = (
				"${SRCROOT}/Pods/Target Support Files/Pods-FooFii/Pods-FooFii-frameworks.sh",
				"${BUILT_PRODUCTS_DIR}/GTMSessionFetcher/GTMSessionFetcher.framework",
				"${BUILT_PRODUCTS_DIR}/GoogleUtilities/GoogleUtilities.framework",
				"${BUILT_PRODUCTS_DIR}/SwiftLocation/SwiftLocation.framework",
				"${BUILT_PRODUCTS_DIR}/SwiftyJSON/SwiftyJSON.framework",
				"${BUILT_PRODUCTS_DIR}/leveldb-library/leveldb.framework",
				"${BUILT_PRODUCTS_DIR}/nanopb/nanopb.framework",
			);
			name = "[CP] Embed Pods Frameworks";
			outputPaths = (
				"${TARGET_BUILD_DIR}/${FRAMEWORKS_FOLDER_PATH}/GTMSessionFetcher.framework",
				"${TARGET_BUILD_DIR}/${FRAMEWORKS_FOLDER_PATH}/GoogleUtilities.framework",
				"${TARGET_BUILD_DIR}/${FRAMEWORKS_FOLDER_PATH}/SwiftLocation.framework",
				"${TARGET_BUILD_DIR}/${FRAMEWORKS_FOLDER_PATH}/SwiftyJSON.framework",
				"${TARGET_BUILD_DIR}/${FRAMEWORKS_FOLDER_PATH}/leveldb.framework",
				"${TARGET_BUILD_DIR}/${FRAMEWORKS_FOLDER_PATH}/nanopb.framework",
			);
			runOnlyForDeploymentPostprocessing = 0;
			shellPath = /bin/sh;
			shellScript = "\"${SRCROOT}/Pods/Target Support Files/Pods-FooFii/Pods-FooFii-frameworks.sh\"\n";
			showEnvVarsInLog = 0;
		};
		90E841E449330152253C4F80 /* [CP] Check Pods Manifest.lock */ = {
			isa = PBXShellScriptBuildPhase;
			buildActionMask = 2147483647;
			files = (
			);
			inputPaths = (
				"${PODS_PODFILE_DIR_PATH}/Podfile.lock",
				"${PODS_ROOT}/Manifest.lock",
			);
			name = "[CP] Check Pods Manifest.lock";
			outputPaths = (
				"$(DERIVED_FILE_DIR)/Pods-FooFii-checkManifestLockResult.txt",
			);
			runOnlyForDeploymentPostprocessing = 0;
			shellPath = /bin/sh;
			shellScript = "diff \"${PODS_PODFILE_DIR_PATH}/Podfile.lock\" \"${PODS_ROOT}/Manifest.lock\" > /dev/null\nif [ $? != 0 ] ; then\n    # print error to STDERR\n    echo \"error: The sandbox is not in sync with the Podfile.lock. Run 'pod install' or update your CocoaPods installation.\" >&2\n    exit 1\nfi\n# This output is used by Xcode 'outputs' to avoid re-running this script phase.\necho \"SUCCESS\" > \"${SCRIPT_OUTPUT_FILE_0}\"\n";
			showEnvVarsInLog = 0;
		};
/* End PBXShellScriptBuildPhase section */

/* Begin PBXSourcesBuildPhase section */
		3EEEA6001F96E45900AA01FC /* Sources */ = {
			isa = PBXSourcesBuildPhase;
			buildActionMask = 2147483647;
			files = (
				3E2415EC209CF58300A0E5EA /* SideSegue.swift in Sources */,
				3EEEA6081F96E45900AA01FC /* AppDelegate.swift in Sources */,
				3EA76A96209E071200927575 /* FoodLocation.swift in Sources */,
				3EEEA60A1F96E45900AA01FC /* LoginController.swift in Sources */,
				3EAB7E3F2068105B009C25C1 /* Market.swift in Sources */,
				3EA76A98209E08D200927575 /* UIExtensions.swift in Sources */,
				3E2415E0209CAAB900A0E5EA /* SNAPViewController.swift in Sources */,
				0C016F21206B028300A8DDD5 /* QuestionaireController.swift in Sources */,
				3EAB7E3D2067F147009C25C1 /* Snap.swift in Sources */,
				3E5C850A2061A8710060F646 /* Data.swift in Sources */,
				3E2415E8209CD3A300A0E5EA /* SNAPDetailViewController.swift in Sources */,
			);
			runOnlyForDeploymentPostprocessing = 0;
		};
/* End PBXSourcesBuildPhase section */

/* Begin PBXVariantGroup section */
		3EEEA60D1F96E45900AA01FC /* Main.storyboard */ = {
			isa = PBXVariantGroup;
			children = (
				3EEEA60E1F96E45900AA01FC /* Base */,
			);
			name = Main.storyboard;
			sourceTree = "<group>";
		};
		3EEEA6121F96E45900AA01FC /* LaunchScreen.storyboard */ = {
			isa = PBXVariantGroup;
			children = (
				3EEEA6131F96E45900AA01FC /* Base */,
			);
			name = LaunchScreen.storyboard;
			sourceTree = "<group>";
		};
/* End PBXVariantGroup section */

/* Begin XCBuildConfiguration section */
		3EEEA6161F96E45900AA01FC /* Debug */ = {
			isa = XCBuildConfiguration;
			buildSettings = {
				ALWAYS_SEARCH_USER_PATHS = NO;
				CLANG_ANALYZER_NONNULL = YES;
				CLANG_ANALYZER_NUMBER_OBJECT_CONVERSION = YES_AGGRESSIVE;
				CLANG_CXX_LANGUAGE_STANDARD = "gnu++14";
				CLANG_CXX_LIBRARY = "libc++";
				CLANG_ENABLE_MODULES = YES;
				CLANG_ENABLE_OBJC_ARC = YES;
				CLANG_WARN_BLOCK_CAPTURE_AUTORELEASING = YES;
				CLANG_WARN_BOOL_CONVERSION = YES;
				CLANG_WARN_COMMA = YES;
				CLANG_WARN_CONSTANT_CONVERSION = YES;
				CLANG_WARN_DEPRECATED_OBJC_IMPLEMENTATIONS = YES;
				CLANG_WARN_DIRECT_OBJC_ISA_USAGE = YES_ERROR;
				CLANG_WARN_DOCUMENTATION_COMMENTS = YES;
				CLANG_WARN_EMPTY_BODY = YES;
				CLANG_WARN_ENUM_CONVERSION = YES;
				CLANG_WARN_INFINITE_RECURSION = YES;
				CLANG_WARN_INT_CONVERSION = YES;
				CLANG_WARN_NON_LITERAL_NULL_CONVERSION = YES;
				CLANG_WARN_OBJC_IMPLICIT_RETAIN_SELF = YES;
				CLANG_WARN_OBJC_LITERAL_CONVERSION = YES;
				CLANG_WARN_OBJC_ROOT_CLASS = YES_ERROR;
				CLANG_WARN_RANGE_LOOP_ANALYSIS = YES;
				CLANG_WARN_STRICT_PROTOTYPES = YES;
				CLANG_WARN_SUSPICIOUS_MOVE = YES;
				CLANG_WARN_UNGUARDED_AVAILABILITY = YES_AGGRESSIVE;
				CLANG_WARN_UNREACHABLE_CODE = YES;
				CLANG_WARN__DUPLICATE_METHOD_MATCH = YES;
				CODE_SIGN_IDENTITY = "iPhone Developer";
				COPY_PHASE_STRIP = NO;
				DEBUG_INFORMATION_FORMAT = dwarf;
				ENABLE_STRICT_OBJC_MSGSEND = YES;
				ENABLE_TESTABILITY = YES;
				GCC_C_LANGUAGE_STANDARD = gnu11;
				GCC_DYNAMIC_NO_PIC = NO;
				GCC_NO_COMMON_BLOCKS = YES;
				GCC_OPTIMIZATION_LEVEL = 0;
				GCC_PREPROCESSOR_DEFINITIONS = (
					"DEBUG=1",
					"$(inherited)",
				);
				GCC_WARN_64_TO_32_BIT_CONVERSION = YES;
				GCC_WARN_ABOUT_RETURN_TYPE = YES_ERROR;
				GCC_WARN_UNDECLARED_SELECTOR = YES;
				GCC_WARN_UNINITIALIZED_AUTOS = YES_AGGRESSIVE;
				GCC_WARN_UNUSED_FUNCTION = YES;
				GCC_WARN_UNUSED_VARIABLE = YES;
				IPHONEOS_DEPLOYMENT_TARGET = 11.0;
				MTL_ENABLE_DEBUG_INFO = YES;
				ONLY_ACTIVE_ARCH = YES;
				SDKROOT = iphoneos;
				SWIFT_ACTIVE_COMPILATION_CONDITIONS = DEBUG;
				SWIFT_OPTIMIZATION_LEVEL = "-Onone";
			};
			name = Debug;
		};
		3EEEA6171F96E45900AA01FC /* Release */ = {
			isa = XCBuildConfiguration;
			buildSettings = {
				ALWAYS_SEARCH_USER_PATHS = NO;
				CLANG_ANALYZER_NONNULL = YES;
				CLANG_ANALYZER_NUMBER_OBJECT_CONVERSION = YES_AGGRESSIVE;
				CLANG_CXX_LANGUAGE_STANDARD = "gnu++14";
				CLANG_CXX_LIBRARY = "libc++";
				CLANG_ENABLE_MODULES = YES;
				CLANG_ENABLE_OBJC_ARC = YES;
				CLANG_WARN_BLOCK_CAPTURE_AUTORELEASING = YES;
				CLANG_WARN_BOOL_CONVERSION = YES;
				CLANG_WARN_COMMA = YES;
				CLANG_WARN_CONSTANT_CONVERSION = YES;
				CLANG_WARN_DEPRECATED_OBJC_IMPLEMENTATIONS = YES;
				CLANG_WARN_DIRECT_OBJC_ISA_USAGE = YES_ERROR;
				CLANG_WARN_DOCUMENTATION_COMMENTS = YES;
				CLANG_WARN_EMPTY_BODY = YES;
				CLANG_WARN_ENUM_CONVERSION = YES;
				CLANG_WARN_INFINITE_RECURSION = YES;
				CLANG_WARN_INT_CONVERSION = YES;
				CLANG_WARN_NON_LITERAL_NULL_CONVERSION = YES;
				CLANG_WARN_OBJC_IMPLICIT_RETAIN_SELF = YES;
				CLANG_WARN_OBJC_LITERAL_CONVERSION = YES;
				CLANG_WARN_OBJC_ROOT_CLASS = YES_ERROR;
				CLANG_WARN_RANGE_LOOP_ANALYSIS = YES;
				CLANG_WARN_STRICT_PROTOTYPES = YES;
				CLANG_WARN_SUSPICIOUS_MOVE = YES;
				CLANG_WARN_UNGUARDED_AVAILABILITY = YES_AGGRESSIVE;
				CLANG_WARN_UNREACHABLE_CODE = YES;
				CLANG_WARN__DUPLICATE_METHOD_MATCH = YES;
				CODE_SIGN_IDENTITY = "iPhone Developer";
				COPY_PHASE_STRIP = NO;
				DEBUG_INFORMATION_FORMAT = "dwarf-with-dsym";
				ENABLE_NS_ASSERTIONS = NO;
				ENABLE_STRICT_OBJC_MSGSEND = YES;
				GCC_C_LANGUAGE_STANDARD = gnu11;
				GCC_NO_COMMON_BLOCKS = YES;
				GCC_WARN_64_TO_32_BIT_CONVERSION = YES;
				GCC_WARN_ABOUT_RETURN_TYPE = YES_ERROR;
				GCC_WARN_UNDECLARED_SELECTOR = YES;
				GCC_WARN_UNINITIALIZED_AUTOS = YES_AGGRESSIVE;
				GCC_WARN_UNUSED_FUNCTION = YES;
				GCC_WARN_UNUSED_VARIABLE = YES;
				IPHONEOS_DEPLOYMENT_TARGET = 11.0;
				MTL_ENABLE_DEBUG_INFO = NO;
				SDKROOT = iphoneos;
				SWIFT_OPTIMIZATION_LEVEL = "-Owholemodule";
				VALIDATE_PRODUCT = YES;
			};
			name = Release;
		};
		3EEEA6191F96E45900AA01FC /* Debug */ = {
			isa = XCBuildConfiguration;
			baseConfigurationReference = 88ECAF3095835B96BADC7264 /* Pods-FooFii.debug.xcconfig */;
			buildSettings = {
				ASSETCATALOG_COMPILER_APPICON_NAME = AppIcon;
				CODE_SIGN_STYLE = Automatic;
				DEVELOPMENT_TEAM = 5ZL35CB8RG;
				INFOPLIST_FILE = FooFii/Info.plist;
				LD_RUNPATH_SEARCH_PATHS = "$(inherited) @executable_path/Frameworks";
				PRODUCT_BUNDLE_IDENTIFIER = com.foofiiapp.FooFii;
				PRODUCT_NAME = "$(TARGET_NAME)";
				SWIFT_VERSION = 4.0;
				TARGETED_DEVICE_FAMILY = "1,2";
			};
			name = Debug;
		};
		3EEEA61A1F96E45900AA01FC /* Release */ = {
			isa = XCBuildConfiguration;
			baseConfigurationReference = BD38048F4065302AE334028E /* Pods-FooFii.release.xcconfig */;
			buildSettings = {
				ASSETCATALOG_COMPILER_APPICON_NAME = AppIcon;
				CODE_SIGN_STYLE = Automatic;
				DEVELOPMENT_TEAM = 5ZL35CB8RG;
				INFOPLIST_FILE = FooFii/Info.plist;
				LD_RUNPATH_SEARCH_PATHS = "$(inherited) @executable_path/Frameworks";
				PRODUCT_BUNDLE_IDENTIFIER = com.foofiiapp.FooFii;
				PRODUCT_NAME = "$(TARGET_NAME)";
				SWIFT_VERSION = 4.0;
				TARGETED_DEVICE_FAMILY = "1,2";
			};
			name = Release;
		};
/* End XCBuildConfiguration section */

/* Begin XCConfigurationList section */
		3EEEA5FF1F96E45900AA01FC /* Build configuration list for PBXProject "FooFii" */ = {
			isa = XCConfigurationList;
			buildConfigurations = (
				3EEEA6161F96E45900AA01FC /* Debug */,
				3EEEA6171F96E45900AA01FC /* Release */,
			);
			defaultConfigurationIsVisible = 0;
			defaultConfigurationName = Release;
		};
		3EEEA6181F96E45900AA01FC /* Build configuration list for PBXNativeTarget "FooFii" */ = {
			isa = XCConfigurationList;
			buildConfigurations = (
				3EEEA6191F96E45900AA01FC /* Debug */,
				3EEEA61A1F96E45900AA01FC /* Release */,
			);
			defaultConfigurationIsVisible = 0;
			defaultConfigurationName = Release;
		};
/* End XCConfigurationList section */
	};
	rootObject = 3EEEA5FC1F96E45800AA01FC /* Project object */;
}
